Microsoft Visual Studio Solution File, Format Version 12.00
# Visual Studio Version 17
VisualStudioVersion = 17.3.32929.385
MinimumVisualStudioVersion = 10.0.40219.1
Project("{9A19103F-16F7-4668-BE54-9A1E7A4F7556}") = "Type Express", "Type Express\Type Express.csproj", "{7987CD42-1A13-4452-AC96-7E5367257AD1}"
EndProject
Project("{9A19103F-16F7-4668-BE54-9A1E7A4F7556}") = "ExpressControls", "ExpressControls\ExpressControls.csproj", "{B20F4052-A62C-42C6-88E3-3C6EAAF5F171}"
EndProject
Project("{9A19103F-16F7-4668-BE54-9A1E7A4F7556}") = "Present Express", "Present Express\Present Express.csproj", "{662F53A2-C8C7-4931-9407-3BD07DBEEDC1}"
	ProjectSection(ProjectDependencies) = postProject
		{B20F4052-A62C-42C6-88E3-3C6EAAF5F171} = {B20F4052-A62C-42C6-88E3-3C6EAAF5F171}
	EndProjectSection
EndProject
Project("{9A19103F-16F7-4668-BE54-9A1E7A4F7556}") = "Font Express", "Font Express\Font Express.csproj", "{25494FBC-E0CA-4A97-936E-B477BD98E3FB}"
	ProjectSection(ProjectDependencies) = postProject
		{B20F4052-A62C-42C6-88E3-3C6EAAF5F171} = {B20F4052-A62C-42C6-88E3-3C6EAAF5F171}
	EndProjectSection
EndProject
Project("{9A19103F-16F7-4668-BE54-9A1E7A4F7556}") = "Quota Express", "Quota Express\Quota Express.csproj", "{BB788603-AEBD-4ABE-8A1B-3494398256A2}"
	ProjectSection(ProjectDependencies) = postProject
		{B20F4052-A62C-42C6-88E3-3C6EAAF5F171} = {B20F4052-A62C-42C6-88E3-3C6EAAF5F171}
	EndProjectSection
EndProject
Project("{2150E333-8FDC-42A3-9474-1A3956D46DE8}") = "Solution Items", "Solution Items", "{02EA681E-C7D8-13C7-8484-4AC65E1B71E8}"
	ProjectSection(SolutionItems) = preProject
		.editorconfig = .editorconfig
	EndProjectSection
EndProject
Project("{FAE04EC0-301F-11D3-BF4B-00C04F79EFBC}") = "ExpressTests", "ExpressUnitTests\ExpressTests.csproj", "{43B01929-B1A7-4674-9D2D-DAC84D4FB8E0}"
EndProject
Global
	GlobalSection(SolutionConfigurationPlatforms) = preSolution
		Debug|Any CPU = Debug|Any CPU
		Release|Any CPU = Release|Any CPU
	EndGlobalSection
	GlobalSection(ProjectConfigurationPlatforms) = postSolution
		{7987CD42-1A13-4452-AC96-7E5367257AD1}.Debug|Any CPU.ActiveCfg = Debug|Any CPU
		{7987CD42-1A13-4452-AC96-7E5367257AD1}.Debug|Any CPU.Build.0 = Debug|Any CPU
		{7987CD42-1A13-4452-AC96-7E5367257AD1}.Release|Any CPU.ActiveCfg = Release|Any CPU
		{7987CD42-1A13-4452-AC96-7E5367257AD1}.Release|Any CPU.Build.0 = Release|Any CPU
		{B20F4052-A62C-42C6-88E3-3C6EAAF5F171}.Debug|Any CPU.ActiveCfg = Debug|Any CPU
		{B20F4052-A62C-42C6-88E3-3C6EAAF5F171}.Debug|Any CPU.Build.0 = Debug|Any CPU
		{B20F4052-A62C-42C6-88E3-3C6EAAF5F171}.Release|Any CPU.ActiveCfg = Release|Any CPU
		{B20F4052-A62C-42C6-88E3-3C6EAAF5F171}.Release|Any CPU.Build.0 = Release|Any CPU
		{662F53A2-C8C7-4931-9407-3BD07DBEEDC1}.Debug|Any CPU.ActiveCfg = Debug|Any CPU
		{662F53A2-C8C7-4931-9407-3BD07DBEEDC1}.Debug|Any CPU.Build.0 = Debug|Any CPU
		{662F53A2-C8C7-4931-9407-3BD07DBEEDC1}.Release|Any CPU.ActiveCfg = Release|Any CPU
		{662F53A2-C8C7-4931-9407-3BD07DBEEDC1}.Release|Any CPU.Build.0 = Release|Any CPU
		{25494FBC-E0CA-4A97-936E-B477BD98E3FB}.Debug|Any CPU.ActiveCfg = Debug|Any CPU
		{25494FBC-E0CA-4A97-936E-B477BD98E3FB}.Debug|Any CPU.Build.0 = Debug|Any CPU
		{25494FBC-E0CA-4A97-936E-B477BD98E3FB}.Release|Any CPU.ActiveCfg = Release|Any CPU
		{25494FBC-E0CA-4A97-936E-B477BD98E3FB}.Release|Any CPU.Build.0 = Release|Any CPU
		{BB788603-AEBD-4ABE-8A1B-3494398256A2}.Debug|Any CPU.ActiveCfg = Debug|Any CPU
		{BB788603-AEBD-4ABE-8A1B-3494398256A2}.Debug|Any CPU.Build.0 = Debug|Any CPU
		{BB788603-AEBD-4ABE-8A1B-3494398256A2}.Release|Any CPU.ActiveCfg = Release|Any CPU
		{BB788603-AEBD-4ABE-8A1B-3494398256A2}.Release|Any CPU.Build.0 = Release|Any CPU
		{43B01929-B1A7-4674-9D2D-DAC84D4FB8E0}.Debug|Any CPU.ActiveCfg = Debug|Any CPU
		{43B01929-B1A7-4674-9D2D-DAC84D4FB8E0}.Debug|Any CPU.Build.0 = Debug|Any CPU
		{43B01929-B1A7-4674-9D2D-DAC84D4FB8E0}.Release|Any CPU.ActiveCfg = Release|Any CPU
		{43B01929-B1A7-4674-9D2D-DAC84D4FB8E0}.Release|Any CPU.Build.0 = Release|Any CPU
	EndGlobalSection
	GlobalSection(SolutionProperties) = preSolution
		HideSolutionNode = FALSE
	EndGlobalSection
	GlobalSection(ExtensibilityGlobals) = postSolution
		SolutionGuid = {9E67DD21-D0C9-4036-AA06-3E6627EE4F22}
	EndGlobalSection
EndGlobal
